
Microsoft Visual Studio Solution File, Format Version 12.00
# Visual Studio Version 17
VisualStudioVersion = 17.9.34902.65
MinimumVisualStudioVersion = 10.0.40219.1
Project("{FAE04EC0-301F-11D3-BF4B-00C04F79EFBC}") = "Space Shooter Game", "Space Shooter Game.csproj", "{DA7430A8-10F9-40A9-B36F-3D2C2A60D17A}"
EndProject
Global
	GlobalSection(SolutionConfigurationPlatforms) = preSolution
		Debug|Any CPU = Debug|Any CPU
		Release|Any CPU = Release|Any CPU
	EndGlobalSection
	GlobalSection(ProjectConfigurationPlatforms) = postSolution
		{DA7430A8-10F9-40A9-B36F-3D2C2A60D17A}.Debug|Any CPU.ActiveCfg = Debug|Any CPU
		{DA7430A8-10F9-40A9-B36F-3D2C2A60D17A}.Debug|Any CPU.Build.0 = Debug|Any CPU
		{DA7430A8-10F9-40A9-B36F-3D2C2A60D17A}.Release|Any CPU.ActiveCfg = Release|Any CPU
		{DA7430A8-10F9-40A9-B36F-3D2C2A60D17A}.Release|Any CPU.Build.0 = Release|Any CPU
	EndGlobalSection
	GlobalSection(SolutionProperties) = preSolution
		HideSolutionNode = FALSE
	EndGlobalSection
	GlobalSection(ExtensibilityGlobals) = postSolution
		SolutionGuid = {E9399C0E-A30A-4EE6-A2BC-F19D5F4071E3}
	EndGlobalSection
EndGlobal
