
Microsoft Visual Studio Solution File, Format Version 12.00
# Visual Studio Version 17
VisualStudioVersion = 17.9.34902.65
MinimumVisualStudioVersion = 10.0.40219.1
Project("{9A19103F-16F7-4668-BE54-9A1E7A4F7556}") = "GameCenter", "GameCenter.csproj", "{552B6458-8FEC-4163-8856-0EC8900DC2B2}"
EndProject
Project("{9A19103F-16F7-4668-BE54-9A1E7A4F7556}") = "BlackJackProject", "..\BlackJackProject\BlackJackProject.csproj", "{E5CB0264-4A2D-491D-8A37-E28DEC758A81}"
EndProject
Project("{9A19103F-16F7-4668-BE54-9A1E7A4F7556}") = "CriptoCoin", "..\Cripto Coin\CriptoCoin.csproj", "{A9480B6D-7F21-4205-838F-67DDE744E097}"
EndProject
Project("{9A19103F-16F7-4668-BE54-9A1E7A4F7556}") = "CountriesProject", "..\CountriesProject\CountriesProject.csproj", "{72C033B4-1AFA-4C5A-9ADC-89243B0987B0}"
EndProject
Project("{9A19103F-16F7-4668-BE54-9A1E7A4F7556}") = "PackmanGame", "..\Packmen\PackmanGame.csproj", "{523EC97F-3AAE-4865-BEF1-13FEEB78AB16}"
EndProject
Project("{9A19103F-16F7-4668-BE54-9A1E7A4F7556}") = "NewTicTacTOE", "..\NewTicTacTOE\NewTicTacTOE.csproj", "{7DA7C6A9-7DB2-4A2E-9C2C-8BBD08015CD9}"
EndProject
Project("{9A19103F-16F7-4668-BE54-9A1E7A4F7556}") = "SpaceShooterGame", "..\Space Shooter Game\SpaceShooterGame.csproj", "{DAC44E60-222E-4E63-8408-235ED41D3966}"
EndProject
Project("{9A19103F-16F7-4668-BE54-9A1E7A4F7556}") = "FlappyBirdGame", "..\WpfApp1\FlappyBirdGame.csproj", "{130C069C-AD8A-4749-A244-6F2E02D11FE0}"
EndProject
Project("{2150E333-8FDC-42A3-9474-1A3956D46DE8}") = "Images", "Images", "{F0DF0A6B-A054-4FEA-A816-2959E4AFDEC4}"
	ProjectSection(SolutionItems) = preProject
		..\..\..\Downloads\BackGroundProject.jpg = ..\..\..\Downloads\BackGroundProject.jpg
		..\..\..\Desktop\BlackJackLogo.jpg = ..\..\..\Desktop\BlackJackLogo.jpg
		..\..\..\Desktop\CountriesPhoto.jpg = ..\..\..\Desktop\CountriesPhoto.jpg
		..\..\..\Desktop\CriptoPhoto.jpg = ..\..\..\Desktop\CriptoPhoto.jpg
		..\..\..\Desktop\FlappyBirdPhoto.jpg = ..\..\..\Desktop\FlappyBirdPhoto.jpg
		..\..\..\Desktop\PackmanPhoto.jpg = ..\..\..\Desktop\PackmanPhoto.jpg
		..\..\..\Desktop\SpaceShooterPhoto.jpg = ..\..\..\Desktop\SpaceShooterPhoto.jpg
		..\..\..\Desktop\TicTacToePhoto.jpg = ..\..\..\Desktop\TicTacToePhoto.jpg
	EndProjectSection
EndProject
Global
	GlobalSection(SolutionConfigurationPlatforms) = preSolution
		Debug|Any CPU = Debug|Any CPU
		Release|Any CPU = Release|Any CPU
	EndGlobalSection
	GlobalSection(ProjectConfigurationPlatforms) = postSolution
		{552B6458-8FEC-4163-8856-0EC8900DC2B2}.Debug|Any CPU.ActiveCfg = Debug|Any CPU
		{552B6458-8FEC-4163-8856-0EC8900DC2B2}.Debug|Any CPU.Build.0 = Debug|Any CPU
		{552B6458-8FEC-4163-8856-0EC8900DC2B2}.Release|Any CPU.ActiveCfg = Release|Any CPU
		{552B6458-8FEC-4163-8856-0EC8900DC2B2}.Release|Any CPU.Build.0 = Release|Any CPU
		{E5CB0264-4A2D-491D-8A37-E28DEC758A81}.Debug|Any CPU.ActiveCfg = Debug|Any CPU
		{E5CB0264-4A2D-491D-8A37-E28DEC758A81}.Debug|Any CPU.Build.0 = Debug|Any CPU
		{E5CB0264-4A2D-491D-8A37-E28DEC758A81}.Release|Any CPU.ActiveCfg = Release|Any CPU
		{E5CB0264-4A2D-491D-8A37-E28DEC758A81}.Release|Any CPU.Build.0 = Release|Any CPU
		{A9480B6D-7F21-4205-838F-67DDE744E097}.Debug|Any CPU.ActiveCfg = Debug|Any CPU
		{A9480B6D-7F21-4205-838F-67DDE744E097}.Debug|Any CPU.Build.0 = Debug|Any CPU
		{A9480B6D-7F21-4205-838F-67DDE744E097}.Release|Any CPU.ActiveCfg = Release|Any CPU
		{A9480B6D-7F21-4205-838F-67DDE744E097}.Release|Any CPU.Build.0 = Release|Any CPU
		{72C033B4-1AFA-4C5A-9ADC-89243B0987B0}.Debug|Any CPU.ActiveCfg = Debug|Any CPU
		{72C033B4-1AFA-4C5A-9ADC-89243B0987B0}.Debug|Any CPU.Build.0 = Debug|Any CPU
		{72C033B4-1AFA-4C5A-9ADC-89243B0987B0}.Release|Any CPU.ActiveCfg = Release|Any CPU
		{72C033B4-1AFA-4C5A-9ADC-89243B0987B0}.Release|Any CPU.Build.0 = Release|Any CPU
		{523EC97F-3AAE-4865-BEF1-13FEEB78AB16}.Debug|Any CPU.ActiveCfg = Debug|Any CPU
		{523EC97F-3AAE-4865-BEF1-13FEEB78AB16}.Debug|Any CPU.Build.0 = Debug|Any CPU
		{523EC97F-3AAE-4865-BEF1-13FEEB78AB16}.Release|Any CPU.ActiveCfg = Release|Any CPU
		{523EC97F-3AAE-4865-BEF1-13FEEB78AB16}.Release|Any CPU.Build.0 = Release|Any CPU
		{7DA7C6A9-7DB2-4A2E-9C2C-8BBD08015CD9}.Debug|Any CPU.ActiveCfg = Debug|Any CPU
		{7DA7C6A9-7DB2-4A2E-9C2C-8BBD08015CD9}.Debug|Any CPU.Build.0 = Debug|Any CPU
		{7DA7C6A9-7DB2-4A2E-9C2C-8BBD08015CD9}.Release|Any CPU.ActiveCfg = Release|Any CPU
		{7DA7C6A9-7DB2-4A2E-9C2C-8BBD08015CD9}.Release|Any CPU.Build.0 = Release|Any CPU
		{DAC44E60-222E-4E63-8408-235ED41D3966}.Debug|Any CPU.ActiveCfg = Debug|Any CPU
		{DAC44E60-222E-4E63-8408-235ED41D3966}.Debug|Any CPU.Build.0 = Debug|Any CPU
		{DAC44E60-222E-4E63-8408-235ED41D3966}.Release|Any CPU.ActiveCfg = Release|Any CPU
		{DAC44E60-222E-4E63-8408-235ED41D3966}.Release|Any CPU.Build.0 = Release|Any CPU
		{130C069C-AD8A-4749-A244-6F2E02D11FE0}.Debug|Any CPU.ActiveCfg = Debug|Any CPU
		{130C069C-AD8A-4749-A244-6F2E02D11FE0}.Debug|Any CPU.Build.0 = Debug|Any CPU
		{130C069C-AD8A-4749-A244-6F2E02D11FE0}.Release|Any CPU.ActiveCfg = Release|Any CPU
		{130C069C-AD8A-4749-A244-6F2E02D11FE0}.Release|Any CPU.Build.0 = Release|Any CPU
	EndGlobalSection
	GlobalSection(SolutionProperties) = preSolution
		HideSolutionNode = FALSE
	EndGlobalSection
	GlobalSection(ExtensibilityGlobals) = postSolution
		SolutionGuid = {75AEC12D-A194-4B29-BFDE-BF24AF21C43C}
	EndGlobalSection
EndGlobal
