
Microsoft Visual Studio Solution File, Format Version 12.00
# Visual Studio Version 17
VisualStudioVersion = 17.9.34902.65
MinimumVisualStudioVersion = 10.0.40219.1
Project("{FAE04EC0-301F-11D3-BF4B-00C04F79EFBC}") = "Packman Game", "Packman Game.csproj", "{4CFF4FF2-762E-447C-A4A5-0762B1C9E648}"
EndProject
Global
	GlobalSection(SolutionConfigurationPlatforms) = preSolution
		Debug|Any CPU = Debug|Any CPU
		Release|Any CPU = Release|Any CPU
	EndGlobalSection
	GlobalSection(ProjectConfigurationPlatforms) = postSolution
		{4CFF4FF2-762E-447C-A4A5-0762B1C9E648}.Debug|Any CPU.ActiveCfg = Debug|Any CPU
		{4CFF4FF2-762E-447C-A4A5-0762B1C9E648}.Debug|Any CPU.Build.0 = Debug|Any CPU
		{4CFF4FF2-762E-447C-A4A5-0762B1C9E648}.Release|Any CPU.ActiveCfg = Release|Any CPU
		{4CFF4FF2-762E-447C-A4A5-0762B1C9E648}.Release|Any CPU.Build.0 = Release|Any CPU
	EndGlobalSection
	GlobalSection(SolutionProperties) = preSolution
		HideSolutionNode = FALSE
	EndGlobalSection
	GlobalSection(ExtensibilityGlobals) = postSolution
		SolutionGuid = {7A1EF35C-A998-4536-A3A4-AA7701F7FEA8}
	EndGlobalSection
EndGlobal
